
Microsoft Visual Studio Solution File, Format Version 12.00
# Visual Studio 15
VisualStudioVersion = 15.0.28010.2016
MinimumVisualStudioVersion = 10.0.40219.1
Project("{FAE04EC0-301F-11D3-BF4B-00C04F79EFBC}") = "DDSReader", "DDSReader\DDSReader.csproj", "{C3DCBCB3-C04E-4A3A-ADA9-26984952D4FF}"
EndProject
Global
	GlobalSection(SolutionConfigurationPlatforms) = preSolution
		Debug|Any CPU = Debug|Any CPU
		Release|Any CPU = Release|Any CPU
	EndGlobalSection
	GlobalSection(ProjectConfigurationPlatforms) = postSolution
		{C3DCBCB3-C04E-4A3A-ADA9-26984952D4FF}.Debug|Any CPU.ActiveCfg = Debug|Any CPU
		{C3DCBCB3-C04E-4A3A-ADA9-26984952D4FF}.Debug|Any CPU.Build.0 = Debug|Any CPU
		{C3DCBCB3-C04E-4A3A-ADA9-26984952D4FF}.Release|Any CPU.ActiveCfg = Release|Any CPU
		{C3DCBCB3-C04E-4A3A-ADA9-26984952D4FF}.Release|Any CPU.Build.0 = Release|Any CPU
	EndGlobalSection
	GlobalSection(SolutionProperties) = preSolution
		HideSolutionNode = FALSE
	EndGlobalSection
	GlobalSection(ExtensibilityGlobals) = postSolution
		SolutionGuid = {616B97C7-A76D-419E-AEE9-320917723E22}
	EndGlobalSection
EndGlobal
